// !$*UTF8*$!
{
	archiveVersion = 1;
	classes = {
	};
	objectVersion = 50;
	objects = {

/* Begin PBXBuildFile section */
		550BDB4C24533BF000D8C2D0 /* AppDelegate.swift in Sources */ = {isa = PBXBuildFile; fileRef = 550BDB4B24533BF000D8C2D0 /* AppDelegate.swift */; };
		550BDB4E24533BF000D8C2D0 /* SceneDelegate.swift in Sources */ = {isa = PBXBuildFile; fileRef = 550BDB4D24533BF000D8C2D0 /* SceneDelegate.swift */; };
		550BDB5024533BF000D8C2D0 /* ViewController.swift in Sources */ = {isa = PBXBuildFile; fileRef = 550BDB4F24533BF000D8C2D0 /* ViewController.swift */; };
		550BDB5324533BF000D8C2D0 /* Main.storyboard in Resources */ = {isa = PBXBuildFile; fileRef = 550BDB5124533BF000D8C2D0 /* Main.storyboard */; };
		550BDB5524533BF100D8C2D0 /* Assets.xcassets in Resources */ = {isa = PBXBuildFile; fileRef = 550BDB5424533BF100D8C2D0 /* Assets.xcassets */; };
		550BDB5824533BF100D8C2D0 /* LaunchScreen.storyboard in Resources */ = {isa = PBXBuildFile; fileRef = 550BDB5624533BF100D8C2D0 /* LaunchScreen.storyboard */; };
		550BDB61245340E200D8C2D0 /* StackView.storyboard in Resources */ = {isa = PBXBuildFile; fileRef = 550BDB60245340E200D8C2D0 /* StackView.storyboard */; };
/* End PBXBuildFile section */

/* Begin PBXFileReference section */
		550BDB4824533BF000D8C2D0 /* 26th_Sopt_iOS_Semina.app */ = {isa = PBXFileReference; explicitFileType = wrapper.application; includeInIndex = 0; path = 26th_Sopt_iOS_Semina.app; sourceTree = BUILT_PRODUCTS_DIR; };
		550BDB4B24533BF000D8C2D0 /* AppDelegate.swift */ = {isa = PBXFileReference; lastKnownFileType = sourcecode.swift; path = AppDelegate.swift; sourceTree = "<group>"; };
		550BDB4D24533BF000D8C2D0 /* SceneDelegate.swift */ = {isa = PBXFileReference; lastKnownFileType = sourcecode.swift; path = SceneDelegate.swift; sourceTree = "<group>"; };
		550BDB4F24533BF000D8C2D0 /* ViewController.swift */ = {isa = PBXFileReference; lastKnownFileType = sourcecode.swift; path = ViewController.swift; sourceTree = "<group>"; };
		550BDB5224533BF000D8C2D0 /* Base */ = {isa = PBXFileReference; lastKnownFileType = file.storyboard; name = Base; path = Base.lproj/Main.storyboard; sourceTree = "<group>"; };
		550BDB5424533BF100D8C2D0 /* Assets.xcassets */ = {isa = PBXFileReference; lastKnownFileType = folder.assetcatalog; path = Assets.xcassets; sourceTree = "<group>"; };
		550BDB5724533BF100D8C2D0 /* Base */ = {isa = PBXFileReference; lastKnownFileType = file.storyboard; name = Base; path = Base.lproj/LaunchScreen.storyboard; sourceTree = "<group>"; };
		550BDB5924533BF100D8C2D0 /* Info.plist */ = {isa = PBXFileReference; lastKnownFileType = text.plist.xml; path = Info.plist; sourceTree = "<group>"; };
		550BDB60245340E200D8C2D0 /* StackView.storyboard */ = {isa = PBXFileReference; lastKnownFileType = file.storyboard; path = StackView.storyboard; sourceTree = "<group>"; };
/* End PBXFileReference section */

/* Begin PBXFrameworksBuildPhase section */
		550BDB4524533BF000D8C2D0 /* Frameworks */ = {
			isa = PBXFrameworksBuildPhase;
			buildActionMask = 2147483647;
			files = (
			);
			runOnlyForDeploymentPostprocessing = 0;
		};
/* End PBXFrameworksBuildPhase section */

/* Begin PBXGroup section */
		550BDB3F24533BF000D8C2D0 = {
			isa = PBXGroup;
			children = (
				550BDB4A24533BF000D8C2D0 /* 26th_Sopt_iOS_Semina */,
				550BDB4924533BF000D8C2D0 /* Products */,
			);
			sourceTree = "<group>";
		};
		550BDB4924533BF000D8C2D0 /* Products */ = {
			isa = PBXGroup;
			children = (
				550BDB4824533BF000D8C2D0 /* 26th_Sopt_iOS_Semina.app */,
			);
			name = Products;
			sourceTree = "<group>";
		};
		550BDB4A24533BF000D8C2D0 /* 26th_Sopt_iOS_Semina */ = {
			isa = PBXGroup;
			children = (
				550BDB5F24533C1100D8C2D0 /* Resources */,
				550BDB4B24533BF000D8C2D0 /* AppDelegate.swift */,
				550BDB4D24533BF000D8C2D0 /* SceneDelegate.swift */,
				550BDB4F24533BF000D8C2D0 /* ViewController.swift */,
				550BDB5424533BF100D8C2D0 /* Assets.xcassets */,
				550BDB5624533BF100D8C2D0 /* LaunchScreen.storyboard */,
				550BDB5924533BF100D8C2D0 /* Info.plist */,
			);
			path = 26th_Sopt_iOS_Semina;
			sourceTree = "<group>";
		};
		550BDB5F24533C1100D8C2D0 /* Resources */ = {
			isa = PBXGroup;
			children = (
				550BDB5124533BF000D8C2D0 /* Main.storyboard */,
				550BDB60245340E200D8C2D0 /* StackView.storyboard */,
			);
			path = Resources;
			sourceTree = "<group>";
		};
/* End PBXGroup section */

/* Begin PBXNativeTarget section */
		550BDB4724533BF000D8C2D0 /* 26th_Sopt_iOS_Semina */ = {
			isa = PBXNativeTarget;
			buildConfigurationList = 550BDB5C24533BF100D8C2D0 /* Build configuration list for PBXNativeTarget "26th_Sopt_iOS_Semina" */;
			buildPhases = (
				550BDB4424533BF000D8C2D0 /* Sources */,
				550BDB4524533BF000D8C2D0 /* Frameworks */,
				550BDB4624533BF000D8C2D0 /* Resources */,
			);
			buildRules = (
			);
			dependencies = (
			);
			name = 26th_Sopt_iOS_Semina;
			productName = 26th_Sopt_iOS_Semina;
			productReference = 550BDB4824533BF000D8C2D0 /* 26th_Sopt_iOS_Semina.app */;
			productType = "com.apple.product-type.application";
		};
/* End PBXNativeTarget section */

/* Begin PBXProject section */
		550BDB4024533BF000D8C2D0 /* Project object */ = {
			isa = PBXProject;
			attributes = {
				LastSwiftUpdateCheck = 1130;
				LastUpgradeCheck = 1130;
				ORGANIZATIONNAME = jun;
				TargetAttributes = {
					550BDB4724533BF000D8C2D0 = {
						CreatedOnToolsVersion = 11.3.1;
					};
				};
			};
			buildConfigurationList = 550BDB4324533BF000D8C2D0 /* Build configuration list for PBXProject "26th_Sopt_iOS_Semina" */;
			compatibilityVersion = "Xcode 9.3";
			developmentRegion = en;
			hasScannedForEncodings = 0;
			knownRegions = (
				en,
				Base,
			);
			mainGroup = 550BDB3F24533BF000D8C2D0;
			productRefGroup = 550BDB4924533BF000D8C2D0 /* Products */;
			projectDirPath = "";
			projectRoot = "";
			targets = (
				550BDB4724533BF000D8C2D0 /* 26th_Sopt_iOS_Semina */,
			);
		};
/* End PBXProject section */

/* Begin PBXResourcesBuildPhase section */
		550BDB4624533BF000D8C2D0 /* Resources */ = {
			isa = PBXResourcesBuildPhase;
			buildActionMask = 2147483647;
			files = (
				550BDB5824533BF100D8C2D0 /* LaunchScreen.storyboard in Resources */,
				550BDB5524533BF100D8C2D0 /* Assets.xcassets in Resources */,
				550BDB5324533BF000D8C2D0 /* Main.storyboard in Resources */,
				550BDB61245340E200D8C2D0 /* StackView.storyboard in Resources */,
			);
			runOnlyForDeploymentPostprocessing = 0;
		};
/* End PBXResourcesBuildPhase section */

/* Begin PBXSourcesBuildPhase section */
		550BDB4424533BF000D8C2D0 /* Sources */ = {
			isa = PBXSourcesBuildPhase;
			buildActionMask = 2147483647;
			files = (
				550BDB5024533BF000D8C2D0 /* ViewController.swift in Sources */,
				550BDB4C24533BF000D8C2D0 /* AppDelegate.swift in Sources */,
				550BDB4E24533BF000D8C2D0 /* SceneDelegate.swift in Sources */,
			);
			runOnlyForDeploymentPostprocessing = 0;
		};
/* End PBXSourcesBuildPhase section */

/* Begin PBXVariantGroup section */
		550BDB5124533BF000D8C2D0 /* Main.storyboard */ = {
			isa = PBXVariantGroup;
			children = (
				550BDB5224533BF000D8C2D0 /* Base */,
			);
			name = Main.storyboard;
			sourceTree = "<group>";
		};
		550BDB5624533BF100D8C2D0 /* LaunchScreen.storyboard */ = {
			isa = PBXVariantGroup;
			children = (
				550BDB5724533BF100D8C2D0 /* Base */,
			);
			name = LaunchScreen.storyboard;
			sourceTree = "<group>";
		};
/* End PBXVariantGroup section */

/* Begin XCBuildConfiguration section */
		550BDB5A24533BF100D8C2D0 /* Debug */ = {
			isa = XCBuildConfiguration;
			buildSettings = {
				ALWAYS_SEARCH_USER_PATHS = NO;
				CLANG_ANALYZER_NONNULL = YES;
				CLANG_ANALYZER_NUMBER_OBJECT_CONVERSION = YES_AGGRESSIVE;
				CLANG_CXX_LANGUAGE_STANDARD = "gnu++14";
				CLANG_CXX_LIBRARY = "libc++";
				CLANG_ENABLE_MODULES = YES;
				CLANG_ENABLE_OBJC_ARC = YES;
				CLANG_ENABLE_OBJC_WEAK = YES;
				CLANG_WARN_BLOCK_CAPTURE_AUTORELEASING = YES;
				CLANG_WARN_BOOL_CONVERSION = YES;
				CLANG_WARN_COMMA = YES;
				CLANG_WARN_CONSTANT_CONVERSION = YES;
				CLANG_WARN_DEPRECATED_OBJC_IMPLEMENTATIONS = YES;
				CLANG_WARN_DIRECT_OBJC_ISA_USAGE = YES_ERROR;
				CLANG_WARN_DOCUMENTATION_COMMENTS = YES;
				CLANG_WARN_EMPTY_BODY = YES;
				CLANG_WARN_ENUM_CONVERSION = YES;
				CLANG_WARN_INFINITE_RECURSION = YES;
				CLANG_WARN_INT_CONVERSION = YES;
				CLANG_WARN_NON_LITERAL_NULL_CONVERSION = YES;
				CLANG_WARN_OBJC_IMPLICIT_RETAIN_SELF = YES;
				CLANG_WARN_OBJC_LITERAL_CONVERSION = YES;
				CLANG_WARN_OBJC_ROOT_CLASS = YES_ERROR;
				CLANG_WARN_RANGE_LOOP_ANALYSIS = YES;
				CLANG_WARN_STRICT_PROTOTYPES = YES;
				CLANG_WARN_SUSPICIOUS_MOVE = YES;
				CLANG_WARN_UNGUARDED_AVAILABILITY = YES_AGGRESSIVE;
				CLANG_WARN_UNREACHABLE_CODE = YES;
				CLANG_WARN__DUPLICATE_METHOD_MATCH = YES;
				COPY_PHASE_STRIP = NO;
				DEBUG_INFORMATION_FORMAT = dwarf;
				ENABLE_STRICT_OBJC_MSGSEND = YES;
				ENABLE_TESTABILITY = YES;
				GCC_C_LANGUAGE_STANDARD = gnu11;
				GCC_DYNAMIC_NO_PIC = NO;
				GCC_NO_COMMON_BLOCKS = YES;
				GCC_OPTIMIZATION_LEVEL = 0;
				GCC_PREPROCESSOR_DEFINITIONS = (
					"DEBUG=1",
					"$(inherited)",
				);
				GCC_WARN_64_TO_32_BIT_CONVERSION = YES;
				GCC_WARN_ABOUT_RETURN_TYPE = YES_ERROR;
				GCC_WARN_UNDECLARED_SELECTOR = YES;
				GCC_WARN_UNINITIALIZED_AUTOS = YES_AGGRESSIVE;
				GCC_WARN_UNUSED_FUNCTION = YES;
				GCC_WARN_UNUSED_VARIABLE = YES;
				IPHONEOS_DEPLOYMENT_TARGET = 13.2;
				MTL_ENABLE_DEBUG_INFO = INCLUDE_SOURCE;
				MTL_FAST_MATH = YES;
				ONLY_ACTIVE_ARCH = YES;
				SDKROOT = iphoneos;
				SWIFT_ACTIVE_COMPILATION_CONDITIONS = DEBUG;
				SWIFT_OPTIMIZATION_LEVEL = "-Onone";
			};
			name = Debug;
		};
		550BDB5B24533BF100D8C2D0 /* Release */ = {
			isa = XCBuildConfiguration;
			buildSettings = {
				ALWAYS_SEARCH_USER_PATHS = NO;
				CLANG_ANALYZER_NONNULL = YES;
				CLANG_ANALYZER_NUMBER_OBJECT_CONVERSION = YES_AGGRESSIVE;
				CLANG_CXX_LANGUAGE_STANDARD = "gnu++14";
				CLANG_CXX_LIBRARY = "libc++";
				CLANG_ENABLE_MODULES = YES;
				CLANG_ENABLE_OBJC_ARC = YES;
				CLANG_ENABLE_OBJC_WEAK = YES;
				CLANG_WARN_BLOCK_CAPTURE_AUTORELEASING = YES;
				CLANG_WARN_BOOL_CONVERSION = YES;
				CLANG_WARN_COMMA = YES;
				CLANG_WARN_CONSTANT_CONVERSION = YES;
				CLANG_WARN_DEPRECATED_OBJC_IMPLEMENTATIONS = YES;
				CLANG_WARN_DIRECT_OBJC_ISA_USAGE = YES_ERROR;
				CLANG_WARN_DOCUMENTATION_COMMENTS = YES;
				CLANG_WARN_EMPTY_BODY = YES;
				CLANG_WARN_ENUM_CONVERSION = YES;
				CLANG_WARN_INFINITE_RECURSION = YES;
				CLANG_WARN_INT_CONVERSION = YES;
				CLANG_WARN_NON_LITERAL_NULL_CONVERSION = YES;
				CLANG_WARN_OBJC_IMPLICIT_RETAIN_SELF = YES;
				CLANG_WARN_OBJC_LITERAL_CONVERSION = YES;
				CLANG_WARN_OBJC_ROOT_CLASS = YES_ERROR;
				CLANG_WARN_RANGE_LOOP_ANALYSIS = YES;
				CLANG_WARN_STRICT_PROTOTYPES = YES;
				CLANG_WARN_SUSPICIOUS_MOVE = YES;
				CLANG_WARN_UNGUARDED_AVAILABILITY = YES_AGGRESSIVE;
				CLANG_WARN_UNREACHABLE_CODE = YES;
				CLANG_WARN__DUPLICATE_METHOD_MATCH = YES;
				COPY_PHASE_STRIP = NO;
				DEBUG_INFORMATION_FORMAT = "dwarf-with-dsym";
				ENABLE_NS_ASSERTIONS = NO;
				ENABLE_STRICT_OBJC_MSGSEND = YES;
				GCC_C_LANGUAGE_STANDARD = gnu11;
				GCC_NO_COMMON_BLOCKS = YES;
				GCC_WARN_64_TO_32_BIT_CONVERSION = YES;
				GCC_WARN_ABOUT_RETURN_TYPE = YES_ERROR;
				GCC_WARN_UNDECLARED_SELECTOR = YES;
				GCC_WARN_UNINITIALIZED_AUTOS = YES_AGGRESSIVE;
				GCC_WARN_UNUSED_FUNCTION = YES;
				GCC_WARN_UNUSED_VARIABLE = YES;
				IPHONEOS_DEPLOYMENT_TARGET = 13.2;
				MTL_ENABLE_DEBUG_INFO = NO;
				MTL_FAST_MATH = YES;
				SDKROOT = iphoneos;
				SWIFT_COMPILATION_MODE = wholemodule;
				SWIFT_OPTIMIZATION_LEVEL = "-O";
				VALIDATE_PRODUCT = YES;
			};
			name = Release;
		};
		550BDB5D24533BF100D8C2D0 /* Debug */ = {
			isa = XCBuildConfiguration;
			buildSettings = {
				ASSETCATALOG_COMPILER_APPICON_NAME = AppIcon;
				CODE_SIGN_STYLE = Automatic;
				DEVELOPMENT_TEAM = PMD54H53GA;
				INFOPLIST_FILE = 26th_Sopt_iOS_Semina/Info.plist;
				LD_RUNPATH_SEARCH_PATHS = (
					"$(inherited)",
					"@executable_path/Frameworks",
				);
				PRODUCT_BUNDLE_IDENTIFIER = "gamsung.-6th-Sopt-iOS-Semina";
				PRODUCT_NAME = "$(TARGET_NAME)";
				SWIFT_VERSION = 5.0;
				TARGETED_DEVICE_FAMILY = "1,2";
			};
			name = Debug;
		};
		550BDB5E24533BF100D8C2D0 /* Release */ = {
			isa = XCBuildConfiguration;
			buildSettings = {
				ASSETCATALOG_COMPILER_APPICON_NAME = AppIcon;
				CODE_SIGN_STYLE = Automatic;
				DEVELOPMENT_TEAM = PMD54H53GA;
				INFOPLIST_FILE = 26th_Sopt_iOS_Semina/Info.plist;
				LD_RUNPATH_SEARCH_PATHS = (
					"$(inherited)",
					"@executable_path/Frameworks",
				);
				PRODUCT_BUNDLE_IDENTIFIER = "gamsung.-6th-Sopt-iOS-Semina";
				PRODUCT_NAME = "$(TARGET_NAME)";
				SWIFT_VERSION = 5.0;
				TARGETED_DEVICE_FAMILY = "1,2";
			};
			name = Release;
		};
/* End XCBuildConfiguration section */

/* Begin XCConfigurationList section */
		550BDB4324533BF000D8C2D0 /* Build configuration list for PBXProject "26th_Sopt_iOS_Semina" */ = {
			isa = XCConfigurationList;
			buildConfigurations = (
				550BDB5A24533BF100D8C2D0 /* Debug */,
				550BDB5B24533BF100D8C2D0 /* Release */,
			);
			defaultConfigurationIsVisible = 0;
			defaultConfigurationName = Release;
		};
		550BDB5C24533BF100D8C2D0 /* Build configuration list for PBXNativeTarget "26th_Sopt_iOS_Semina" */ = {
			isa = XCConfigurationList;
			buildConfigurations = (
				550BDB5D24533BF100D8C2D0 /* Debug */,
				550BDB5E24533BF100D8C2D0 /* Release */,
			);
			defaultConfigurationIsVisible = 0;
			defaultConfigurationName = Release;
		};
/* End XCConfigurationList section */
	};
	rootObject = 550BDB4024533BF000D8C2D0 /* Project object */;
}
