// !$*UTF8*$!
{
	archiveVersion = 1;
	classes = {
	};
	objectVersion = 50;
	objects = {

/* Begin PBXBuildFile section */
		32679F66A30A1968F1D4BBA7 /* Pods_4thSemina.framework in Frameworks */ = {isa = PBXBuildFile; fileRef = A0FD35031C235BDA53A034BF /* Pods_4thSemina.framework */; };
		557D6105246FB478000FC339 /* AppDelegate.swift in Sources */ = {isa = PBXBuildFile; fileRef = 557D6104246FB478000FC339 /* AppDelegate.swift */; };
		557D6107246FB478000FC339 /* SceneDelegate.swift in Sources */ = {isa = PBXBuildFile; fileRef = 557D6106246FB478000FC339 /* SceneDelegate.swift */; };
		557D6109246FB478000FC339 /* ViewController.swift in Sources */ = {isa = PBXBuildFile; fileRef = 557D6108246FB478000FC339 /* ViewController.swift */; };
		557D610C246FB478000FC339 /* Main.storyboard in Resources */ = {isa = PBXBuildFile; fileRef = 557D610A246FB478000FC339 /* Main.storyboard */; };
		557D610E246FB479000FC339 /* Assets.xcassets in Resources */ = {isa = PBXBuildFile; fileRef = 557D610D246FB479000FC339 /* Assets.xcassets */; };
		557D6111246FB479000FC339 /* LaunchScreen.storyboard in Resources */ = {isa = PBXBuildFile; fileRef = 557D610F246FB479000FC339 /* LaunchScreen.storyboard */; };
/* End PBXBuildFile section */

/* Begin PBXFileReference section */
		3484F253BA49D9E17E31857D /* Pods-4thSemina.debug.xcconfig */ = {isa = PBXFileReference; includeInIndex = 1; lastKnownFileType = text.xcconfig; name = "Pods-4thSemina.debug.xcconfig"; path = "Target Support Files/Pods-4thSemina/Pods-4thSemina.debug.xcconfig"; sourceTree = "<group>"; };
		557D6101246FB478000FC339 /* 4thSemina.app */ = {isa = PBXFileReference; explicitFileType = wrapper.application; includeInIndex = 0; path = 4thSemina.app; sourceTree = BUILT_PRODUCTS_DIR; };
		557D6104246FB478000FC339 /* AppDelegate.swift */ = {isa = PBXFileReference; lastKnownFileType = sourcecode.swift; path = AppDelegate.swift; sourceTree = "<group>"; };
		557D6106246FB478000FC339 /* SceneDelegate.swift */ = {isa = PBXFileReference; lastKnownFileType = sourcecode.swift; path = SceneDelegate.swift; sourceTree = "<group>"; };
		557D6108246FB478000FC339 /* ViewController.swift */ = {isa = PBXFileReference; lastKnownFileType = sourcecode.swift; path = ViewController.swift; sourceTree = "<group>"; };
		557D610B246FB478000FC339 /* Base */ = {isa = PBXFileReference; lastKnownFileType = file.storyboard; name = Base; path = Base.lproj/Main.storyboard; sourceTree = "<group>"; };
		557D610D246FB479000FC339 /* Assets.xcassets */ = {isa = PBXFileReference; lastKnownFileType = folder.assetcatalog; path = Assets.xcassets; sourceTree = "<group>"; };
		557D6110246FB479000FC339 /* Base */ = {isa = PBXFileReference; lastKnownFileType = file.storyboard; name = Base; path = Base.lproj/LaunchScreen.storyboard; sourceTree = "<group>"; };
		557D6112246FB479000FC339 /* Info.plist */ = {isa = PBXFileReference; lastKnownFileType = text.plist.xml; path = Info.plist; sourceTree = "<group>"; };
		692786D6CC0156FA9D597CFD /* Pods-4thSemina.release.xcconfig */ = {isa = PBXFileReference; includeInIndex = 1; lastKnownFileType = text.xcconfig; name = "Pods-4thSemina.release.xcconfig"; path = "Target Support Files/Pods-4thSemina/Pods-4thSemina.release.xcconfig"; sourceTree = "<group>"; };
		A0FD35031C235BDA53A034BF /* Pods_4thSemina.framework */ = {isa = PBXFileReference; explicitFileType = wrapper.framework; includeInIndex = 0; path = Pods_4thSemina.framework; sourceTree = BUILT_PRODUCTS_DIR; };
/* End PBXFileReference section */

/* Begin PBXFrameworksBuildPhase section */
		557D60FE246FB478000FC339 /* Frameworks */ = {
			isa = PBXFrameworksBuildPhase;
			buildActionMask = 2147483647;
			files = (
				32679F66A30A1968F1D4BBA7 /* Pods_4thSemina.framework in Frameworks */,
			);
			runOnlyForDeploymentPostprocessing = 0;
		};
/* End PBXFrameworksBuildPhase section */

/* Begin PBXGroup section */
		557D60F8246FB478000FC339 = {
			isa = PBXGroup;
			children = (
				557D6103246FB478000FC339 /* 4thSemina */,
				557D6102246FB478000FC339 /* Products */,
				696C03A6532BBFD5257908D9 /* Pods */,
				D45FC1444ADD6E0A64B74CBD /* Frameworks */,
			);
			sourceTree = "<group>";
		};
		557D6102246FB478000FC339 /* Products */ = {
			isa = PBXGroup;
			children = (
				557D6101246FB478000FC339 /* 4thSemina.app */,
			);
			name = Products;
			sourceTree = "<group>";
		};
		557D6103246FB478000FC339 /* 4thSemina */ = {
			isa = PBXGroup;
			children = (
				557D6104246FB478000FC339 /* AppDelegate.swift */,
				557D6106246FB478000FC339 /* SceneDelegate.swift */,
				557D6108246FB478000FC339 /* ViewController.swift */,
				557D610A246FB478000FC339 /* Main.storyboard */,
				557D610D246FB479000FC339 /* Assets.xcassets */,
				557D610F246FB479000FC339 /* LaunchScreen.storyboard */,
				557D6112246FB479000FC339 /* Info.plist */,
			);
			path = 4thSemina;
			sourceTree = "<group>";
		};
		696C03A6532BBFD5257908D9 /* Pods */ = {
			isa = PBXGroup;
			children = (
				3484F253BA49D9E17E31857D /* Pods-4thSemina.debug.xcconfig */,
				692786D6CC0156FA9D597CFD /* Pods-4thSemina.release.xcconfig */,
			);
			name = Pods;
			path = Pods;
			sourceTree = "<group>";
		};
		D45FC1444ADD6E0A64B74CBD /* Frameworks */ = {
			isa = PBXGroup;
			children = (
				A0FD35031C235BDA53A034BF /* Pods_4thSemina.framework */,
			);
			name = Frameworks;
			sourceTree = "<group>";
		};
/* End PBXGroup section */

/* Begin PBXNativeTarget section */
		557D6100246FB478000FC339 /* 4thSemina */ = {
			isa = PBXNativeTarget;
			buildConfigurationList = 557D6115246FB479000FC339 /* Build configuration list for PBXNativeTarget "4thSemina" */;
			buildPhases = (
				DD08DE99C3310614192FB55E /* [CP] Check Pods Manifest.lock */,
				557D60FD246FB478000FC339 /* Sources */,
				557D60FE246FB478000FC339 /* Frameworks */,
				557D60FF246FB478000FC339 /* Resources */,
				D2BB904F1C605770C22586CC /* [CP] Embed Pods Frameworks */,
			);
			buildRules = (
			);
			dependencies = (
			);
			name = 4thSemina;
			productName = 4thSemina;
			productReference = 557D6101246FB478000FC339 /* 4thSemina.app */;
			productType = "com.apple.product-type.application";
		};
/* End PBXNativeTarget section */

/* Begin PBXProject section */
		557D60F9246FB478000FC339 /* Project object */ = {
			isa = PBXProject;
			attributes = {
				LastSwiftUpdateCheck = 1130;
				LastUpgradeCheck = 1130;
				ORGANIZATIONNAME = jun;
				TargetAttributes = {
					557D6100246FB478000FC339 = {
						CreatedOnToolsVersion = 11.3.1;
					};
				};
			};
			buildConfigurationList = 557D60FC246FB478000FC339 /* Build configuration list for PBXProject "4thSemina" */;
			compatibilityVersion = "Xcode 9.3";
			developmentRegion = en;
			hasScannedForEncodings = 0;
			knownRegions = (
				en,
				Base,
			);
			mainGroup = 557D60F8246FB478000FC339;
			productRefGroup = 557D6102246FB478000FC339 /* Products */;
			projectDirPath = "";
			projectRoot = "";
			targets = (
				557D6100246FB478000FC339 /* 4thSemina */,
			);
		};
/* End PBXProject section */

/* Begin PBXResourcesBuildPhase section */
		557D60FF246FB478000FC339 /* Resources */ = {
			isa = PBXResourcesBuildPhase;
			buildActionMask = 2147483647;
			files = (
				557D6111246FB479000FC339 /* LaunchScreen.storyboard in Resources */,
				557D610E246FB479000FC339 /* Assets.xcassets in Resources */,
				557D610C246FB478000FC339 /* Main.storyboard in Resources */,
			);
			runOnlyForDeploymentPostprocessing = 0;
		};
/* End PBXResourcesBuildPhase section */

/* Begin PBXShellScriptBuildPhase section */
		D2BB904F1C605770C22586CC /* [CP] Embed Pods Frameworks */ = {
			isa = PBXShellScriptBuildPhase;
			buildActionMask = 2147483647;
			files = (
			);
			inputFileListPaths = (
				"${PODS_ROOT}/Target Support Files/Pods-4thSemina/Pods-4thSemina-frameworks-${CONFIGURATION}-input-files.xcfilelist",
			);
			name = "[CP] Embed Pods Frameworks";
			outputFileListPaths = (
				"${PODS_ROOT}/Target Support Files/Pods-4thSemina/Pods-4thSemina-frameworks-${CONFIGURATION}-output-files.xcfilelist",
			);
			runOnlyForDeploymentPostprocessing = 0;
			shellPath = /bin/sh;
			shellScript = "\"${PODS_ROOT}/Target Support Files/Pods-4thSemina/Pods-4thSemina-frameworks.sh\"\n";
			showEnvVarsInLog = 0;
		};
		DD08DE99C3310614192FB55E /* [CP] Check Pods Manifest.lock */ = {
			isa = PBXShellScriptBuildPhase;
			buildActionMask = 2147483647;
			files = (
			);
			inputFileListPaths = (
			);
			inputPaths = (
				"${PODS_PODFILE_DIR_PATH}/Podfile.lock",
				"${PODS_ROOT}/Manifest.lock",
			);
			name = "[CP] Check Pods Manifest.lock";
			outputFileListPaths = (
			);
			outputPaths = (
				"$(DERIVED_FILE_DIR)/Pods-4thSemina-checkManifestLockResult.txt",
			);
			runOnlyForDeploymentPostprocessing = 0;
			shellPath = /bin/sh;
			shellScript = "diff \"${PODS_PODFILE_DIR_PATH}/Podfile.lock\" \"${PODS_ROOT}/Manifest.lock\" > /dev/null\nif [ $? != 0 ] ; then\n    # print error to STDERR\n    echo \"error: The sandbox is not in sync with the Podfile.lock. Run 'pod install' or update your CocoaPods installation.\" >&2\n    exit 1\nfi\n# This output is used by Xcode 'outputs' to avoid re-running this script phase.\necho \"SUCCESS\" > \"${SCRIPT_OUTPUT_FILE_0}\"\n";
			showEnvVarsInLog = 0;
		};
/* End PBXShellScriptBuildPhase section */

/* Begin PBXSourcesBuildPhase section */
		557D60FD246FB478000FC339 /* Sources */ = {
			isa = PBXSourcesBuildPhase;
			buildActionMask = 2147483647;
			files = (
				557D6109246FB478000FC339 /* ViewController.swift in Sources */,
				557D6105246FB478000FC339 /* AppDelegate.swift in Sources */,
				557D6107246FB478000FC339 /* SceneDelegate.swift in Sources */,
			);
			runOnlyForDeploymentPostprocessing = 0;
		};
/* End PBXSourcesBuildPhase section */

/* Begin PBXVariantGroup section */
		557D610A246FB478000FC339 /* Main.storyboard */ = {
			isa = PBXVariantGroup;
			children = (
				557D610B246FB478000FC339 /* Base */,
			);
			name = Main.storyboard;
			sourceTree = "<group>";
		};
		557D610F246FB479000FC339 /* LaunchScreen.storyboard */ = {
			isa = PBXVariantGroup;
			children = (
				557D6110246FB479000FC339 /* Base */,
			);
			name = LaunchScreen.storyboard;
			sourceTree = "<group>";
		};
/* End PBXVariantGroup section */

/* Begin XCBuildConfiguration section */
		557D6113246FB479000FC339 /* Debug */ = {
			isa = XCBuildConfiguration;
			buildSettings = {
				ALWAYS_SEARCH_USER_PATHS = NO;
				CLANG_ANALYZER_NONNULL = YES;
				CLANG_ANALYZER_NUMBER_OBJECT_CONVERSION = YES_AGGRESSIVE;
				CLANG_CXX_LANGUAGE_STANDARD = "gnu++14";
				CLANG_CXX_LIBRARY = "libc++";
				CLANG_ENABLE_MODULES = YES;
				CLANG_ENABLE_OBJC_ARC = YES;
				CLANG_ENABLE_OBJC_WEAK = YES;
				CLANG_WARN_BLOCK_CAPTURE_AUTORELEASING = YES;
				CLANG_WARN_BOOL_CONVERSION = YES;
				CLANG_WARN_COMMA = YES;
				CLANG_WARN_CONSTANT_CONVERSION = YES;
				CLANG_WARN_DEPRECATED_OBJC_IMPLEMENTATIONS = YES;
				CLANG_WARN_DIRECT_OBJC_ISA_USAGE = YES_ERROR;
				CLANG_WARN_DOCUMENTATION_COMMENTS = YES;
				CLANG_WARN_EMPTY_BODY = YES;
				CLANG_WARN_ENUM_CONVERSION = YES;
				CLANG_WARN_INFINITE_RECURSION = YES;
				CLANG_WARN_INT_CONVERSION = YES;
				CLANG_WARN_NON_LITERAL_NULL_CONVERSION = YES;
				CLANG_WARN_OBJC_IMPLICIT_RETAIN_SELF = YES;
				CLANG_WARN_OBJC_LITERAL_CONVERSION = YES;
				CLANG_WARN_OBJC_ROOT_CLASS = YES_ERROR;
				CLANG_WARN_RANGE_LOOP_ANALYSIS = YES;
				CLANG_WARN_STRICT_PROTOTYPES = YES;
				CLANG_WARN_SUSPICIOUS_MOVE = YES;
				CLANG_WARN_UNGUARDED_AVAILABILITY = YES_AGGRESSIVE;
				CLANG_WARN_UNREACHABLE_CODE = YES;
				CLANG_WARN__DUPLICATE_METHOD_MATCH = YES;
				COPY_PHASE_STRIP = NO;
				DEBUG_INFORMATION_FORMAT = dwarf;
				ENABLE_STRICT_OBJC_MSGSEND = YES;
				ENABLE_TESTABILITY = YES;
				GCC_C_LANGUAGE_STANDARD = gnu11;
				GCC_DYNAMIC_NO_PIC = NO;
				GCC_NO_COMMON_BLOCKS = YES;
				GCC_OPTIMIZATION_LEVEL = 0;
				GCC_PREPROCESSOR_DEFINITIONS = (
					"DEBUG=1",
					"$(inherited)",
				);
				GCC_WARN_64_TO_32_BIT_CONVERSION = YES;
				GCC_WARN_ABOUT_RETURN_TYPE = YES_ERROR;
				GCC_WARN_UNDECLARED_SELECTOR = YES;
				GCC_WARN_UNINITIALIZED_AUTOS = YES_AGGRESSIVE;
				GCC_WARN_UNUSED_FUNCTION = YES;
				GCC_WARN_UNUSED_VARIABLE = YES;
				IPHONEOS_DEPLOYMENT_TARGET = 13.2;
				MTL_ENABLE_DEBUG_INFO = INCLUDE_SOURCE;
				MTL_FAST_MATH = YES;
				ONLY_ACTIVE_ARCH = YES;
				SDKROOT = iphoneos;
				SWIFT_ACTIVE_COMPILATION_CONDITIONS = DEBUG;
				SWIFT_OPTIMIZATION_LEVEL = "-Onone";
			};
			name = Debug;
		};
		557D6114246FB479000FC339 /* Release */ = {
			isa = XCBuildConfiguration;
			buildSettings = {
				ALWAYS_SEARCH_USER_PATHS = NO;
				CLANG_ANALYZER_NONNULL = YES;
				CLANG_ANALYZER_NUMBER_OBJECT_CONVERSION = YES_AGGRESSIVE;
				CLANG_CXX_LANGUAGE_STANDARD = "gnu++14";
				CLANG_CXX_LIBRARY = "libc++";
				CLANG_ENABLE_MODULES = YES;
				CLANG_ENABLE_OBJC_ARC = YES;
				CLANG_ENABLE_OBJC_WEAK = YES;
				CLANG_WARN_BLOCK_CAPTURE_AUTORELEASING = YES;
				CLANG_WARN_BOOL_CONVERSION = YES;
				CLANG_WARN_COMMA = YES;
				CLANG_WARN_CONSTANT_CONVERSION = YES;
				CLANG_WARN_DEPRECATED_OBJC_IMPLEMENTATIONS = YES;
				CLANG_WARN_DIRECT_OBJC_ISA_USAGE = YES_ERROR;
				CLANG_WARN_DOCUMENTATION_COMMENTS = YES;
				CLANG_WARN_EMPTY_BODY = YES;
				CLANG_WARN_ENUM_CONVERSION = YES;
				CLANG_WARN_INFINITE_RECURSION = YES;
				CLANG_WARN_INT_CONVERSION = YES;
				CLANG_WARN_NON_LITERAL_NULL_CONVERSION = YES;
				CLANG_WARN_OBJC_IMPLICIT_RETAIN_SELF = YES;
				CLANG_WARN_OBJC_LITERAL_CONVERSION = YES;
				CLANG_WARN_OBJC_ROOT_CLASS = YES_ERROR;
				CLANG_WARN_RANGE_LOOP_ANALYSIS = YES;
				CLANG_WARN_STRICT_PROTOTYPES = YES;
				CLANG_WARN_SUSPICIOUS_MOVE = YES;
				CLANG_WARN_UNGUARDED_AVAILABILITY = YES_AGGRESSIVE;
				CLANG_WARN_UNREACHABLE_CODE = YES;
				CLANG_WARN__DUPLICATE_METHOD_MATCH = YES;
				COPY_PHASE_STRIP = NO;
				DEBUG_INFORMATION_FORMAT = "dwarf-with-dsym";
				ENABLE_NS_ASSERTIONS = NO;
				ENABLE_STRICT_OBJC_MSGSEND = YES;
				GCC_C_LANGUAGE_STANDARD = gnu11;
				GCC_NO_COMMON_BLOCKS = YES;
				GCC_WARN_64_TO_32_BIT_CONVERSION = YES;
				GCC_WARN_ABOUT_RETURN_TYPE = YES_ERROR;
				GCC_WARN_UNDECLARED_SELECTOR = YES;
				GCC_WARN_UNINITIALIZED_AUTOS = YES_AGGRESSIVE;
				GCC_WARN_UNUSED_FUNCTION = YES;
				GCC_WARN_UNUSED_VARIABLE = YES;
				IPHONEOS_DEPLOYMENT_TARGET = 13.2;
				MTL_ENABLE_DEBUG_INFO = NO;
				MTL_FAST_MATH = YES;
				SDKROOT = iphoneos;
				SWIFT_COMPILATION_MODE = wholemodule;
				SWIFT_OPTIMIZATION_LEVEL = "-O";
				VALIDATE_PRODUCT = YES;
			};
			name = Release;
		};
		557D6116246FB479000FC339 /* Debug */ = {
			isa = XCBuildConfiguration;
			baseConfigurationReference = 3484F253BA49D9E17E31857D /* Pods-4thSemina.debug.xcconfig */;
			buildSettings = {
				ASSETCATALOG_COMPILER_APPICON_NAME = AppIcon;
				CODE_SIGN_STYLE = Automatic;
				DEVELOPMENT_TEAM = PMD54H53GA;
				INFOPLIST_FILE = 4thSemina/Info.plist;
				LD_RUNPATH_SEARCH_PATHS = (
					"$(inherited)",
					"@executable_path/Frameworks",
				);
				PRODUCT_BUNDLE_IDENTIFIER = "gamsung.-thSemina";
				PRODUCT_NAME = "$(TARGET_NAME)";
				SWIFT_VERSION = 5.0;
				TARGETED_DEVICE_FAMILY = "1,2";
			};
			name = Debug;
		};
		557D6117246FB479000FC339 /* Release */ = {
			isa = XCBuildConfiguration;
			baseConfigurationReference = 692786D6CC0156FA9D597CFD /* Pods-4thSemina.release.xcconfig */;
			buildSettings = {
				ASSETCATALOG_COMPILER_APPICON_NAME = AppIcon;
				CODE_SIGN_STYLE = Automatic;
				DEVELOPMENT_TEAM = PMD54H53GA;
				INFOPLIST_FILE = 4thSemina/Info.plist;
				LD_RUNPATH_SEARCH_PATHS = (
					"$(inherited)",
					"@executable_path/Frameworks",
				);
				PRODUCT_BUNDLE_IDENTIFIER = "gamsung.-thSemina";
				PRODUCT_NAME = "$(TARGET_NAME)";
				SWIFT_VERSION = 5.0;
				TARGETED_DEVICE_FAMILY = "1,2";
			};
			name = Release;
		};
/* End XCBuildConfiguration section */

/* Begin XCConfigurationList section */
		557D60FC246FB478000FC339 /* Build configuration list for PBXProject "4thSemina" */ = {
			isa = XCConfigurationList;
			buildConfigurations = (
				557D6113246FB479000FC339 /* Debug */,
				557D6114246FB479000FC339 /* Release */,
			);
			defaultConfigurationIsVisible = 0;
			defaultConfigurationName = Release;
		};
		557D6115246FB479000FC339 /* Build configuration list for PBXNativeTarget "4thSemina" */ = {
			isa = XCConfigurationList;
			buildConfigurations = (
				557D6116246FB479000FC339 /* Debug */,
				557D6117246FB479000FC339 /* Release */,
			);
			defaultConfigurationIsVisible = 0;
			defaultConfigurationName = Release;
		};
/* End XCConfigurationList section */
	};
	rootObject = 557D60F9246FB478000FC339 /* Project object */;
}
